// !$*UTF8*$!
{
	archiveVersion = 1;
	classes = {
	};
	objectVersion = 50;
	objects = {

/* Begin PBXBuildFile section */
		346E7FBD5B47BDF807AAF71F /* Pods_ios_challenge.framework in Frameworks */ = {isa = PBXBuildFile; fileRef = 5FE2AE20E4D45398201B9E81 /* Pods_ios_challenge.framework */; };
		B5A4BB832EB09AFC5F6BA1E9 /* Pods_ios_challengeTests.framework in Frameworks */ = {isa = PBXBuildFile; fileRef = 6EBE20D7E88AA3F7EABA36E7 /* Pods_ios_challengeTests.framework */; };
		BC07B3C9214BE8350052F3A2 /* FavoritesViewController.swift in Sources */ = {isa = PBXBuildFile; fileRef = BC07B3C8214BE8350052F3A2 /* FavoritesViewController.swift */; };
		BC07B3CC214C70400052F3A2 /* UIFont+Additions.swift in Sources */ = {isa = PBXBuildFile; fileRef = BC07B3CA214C703F0052F3A2 /* UIFont+Additions.swift */; };
		BC07B3CD214C70400052F3A2 /* UIColor+Additions.swift in Sources */ = {isa = PBXBuildFile; fileRef = BC07B3CB214C703F0052F3A2 /* UIColor+Additions.swift */; };
		BC5069E2214DEDA7001F120D /* ProductsCollectionViewCell.swift in Sources */ = {isa = PBXBuildFile; fileRef = BC5069E1214DEDA7001F120D /* ProductsCollectionViewCell.swift */; };
		BC5069E4214E04DE001F120D /* HeaderReusableView.swift in Sources */ = {isa = PBXBuildFile; fileRef = BC5069E3214E04DE001F120D /* HeaderReusableView.swift */; };
		BC5069E6214E47F6001F120D /* ProductViewCellView.swift in Sources */ = {isa = PBXBuildFile; fileRef = BC5069E5214E47F6001F120D /* ProductViewCellView.swift */; };
		BC5069E9214E4E05001F120D /* Product.swift in Sources */ = {isa = PBXBuildFile; fileRef = BC5069E8214E4E05001F120D /* Product.swift */; };
		BC5069EC214F5B19001F120D /* User.swift in Sources */ = {isa = PBXBuildFile; fileRef = BC5069EB214F5B19001F120D /* User.swift */; };
		BC5069EE214F5B6D001F120D /* ProductsCollectionModel.swift in Sources */ = {isa = PBXBuildFile; fileRef = BC5069ED214F5B6D001F120D /* ProductsCollectionModel.swift */; };
		BC5069F32150CD65001F120D /* ProductsCollectionCellViewModel.swift in Sources */ = {isa = PBXBuildFile; fileRef = BC5069F22150CD65001F120D /* ProductsCollectionCellViewModel.swift */; };
		BC5069F52150D07F001F120D /* FavoritesViewViewModel.swift in Sources */ = {isa = PBXBuildFile; fileRef = BC5069F42150D07F001F120D /* FavoritesViewViewModel.swift */; };
		BC5069F82150D337001F120D /* FavoritesViewModel.swift in Sources */ = {isa = PBXBuildFile; fileRef = BC5069F72150D337001F120D /* FavoritesViewModel.swift */; };
		BC5069FA2150D3F3001F120D /* CellViewModelProtocol.swift in Sources */ = {isa = PBXBuildFile; fileRef = BC5069F92150D3F3001F120D /* CellViewModelProtocol.swift */; };
		BC5069FC2151D35E001F120D /* ProductCellViewModel.swift in Sources */ = {isa = PBXBuildFile; fileRef = BC5069FB2151D35E001F120D /* ProductCellViewModel.swift */; };
		BC5069FE2151E0A2001F120D /* ProductViewCell.swift in Sources */ = {isa = PBXBuildFile; fileRef = BC5069FD2151E0A2001F120D /* ProductViewCell.swift */; };
		BC506A002151E113001F120D /* ProductsCollectionViewCellView.swift in Sources */ = {isa = PBXBuildFile; fileRef = BC5069FF2151E113001F120D /* ProductsCollectionViewCellView.swift */; };
		BC506A0221540539001F120D /* ndIc30PlusSquare.pdf in Resources */ = {isa = PBXBuildFile; fileRef = BC506A0121540539001F120D /* ndIc30PlusSquare.pdf */; };
		BC506A0421540543001F120D /* ndIc30Plus48Square.pdf in Resources */ = {isa = PBXBuildFile; fileRef = BC506A0321540543001F120D /* ndIc30Plus48Square.pdf */; };
		BC506A062154055C001F120D /* ndIc30RefurbishedSquare.pdf in Resources */ = {isa = PBXBuildFile; fileRef = BC506A052154055C001F120D /* ndIc30RefurbishedSquare.pdf */; };
		BC506A0821540568001F120D /* ndIc30NewSquare.pdf in Resources */ = {isa = PBXBuildFile; fileRef = BC506A0721540568001F120D /* ndIc30NewSquare.pdf */; };
		BC506A0A21540571001F120D /* ndIc30InternationalSquare.pdf in Resources */ = {isa = PBXBuildFile; fileRef = BC506A0921540570001F120D /* ndIc30InternationalSquare.pdf */; };
		BC506A0C2154059F001F120D /* ndIc30FreeShippingSquare.pdf in Resources */ = {isa = PBXBuildFile; fileRef = BC506A0B2154059F001F120D /* ndIc30FreeShippingSquare.pdf */; };
		BC506A0E21540829001F120D /* ndIc24FavOnPink.pdf in Resources */ = {isa = PBXBuildFile; fileRef = BC506A0D21540829001F120D /* ndIc24FavOnPink.pdf */; };
		BCB7B0C2214BDC16000036EE /* AppDelegate.swift in Sources */ = {isa = PBXBuildFile; fileRef = BCB7B0C1214BDC16000036EE /* AppDelegate.swift */; };
		BCB7B0C9214BDC18000036EE /* Assets.xcassets in Resources */ = {isa = PBXBuildFile; fileRef = BCB7B0C8214BDC18000036EE /* Assets.xcassets */; };
		BCB7B0CC214BDC18000036EE /* LaunchScreen.storyboard in Resources */ = {isa = PBXBuildFile; fileRef = BCB7B0CA214BDC18000036EE /* LaunchScreen.storyboard */; };
		BCB7B0D7214BDC19000036EE /* ios_challengeTests.swift in Sources */ = {isa = PBXBuildFile; fileRef = BCB7B0D6214BDC19000036EE /* ios_challengeTests.swift */; };
		BCB7B0E2214BDC19000036EE /* ios_challengeUITests.swift in Sources */ = {isa = PBXBuildFile; fileRef = BCB7B0E1214BDC19000036EE /* ios_challengeUITests.swift */; };
		D03B750BA8F85DCC17752938 /* Pods_ios_challengeUITests.framework in Frameworks */ = {isa = PBXBuildFile; fileRef = 89E53F2721DC375B52C12B46 /* Pods_ios_challengeUITests.framework */; };
/* End PBXBuildFile section */

/* Begin PBXContainerItemProxy section */
		BCB7B0D3214BDC19000036EE /* PBXContainerItemProxy */ = {
			isa = PBXContainerItemProxy;
			containerPortal = BCB7B0B6214BDC15000036EE /* Project object */;
			proxyType = 1;
			remoteGlobalIDString = BCB7B0BD214BDC16000036EE;
			remoteInfo = "ios-challenge";
		};
		BCB7B0DE214BDC19000036EE /* PBXContainerItemProxy */ = {
			isa = PBXContainerItemProxy;
			containerPortal = BCB7B0B6214BDC15000036EE /* Project object */;
			proxyType = 1;
			remoteGlobalIDString = BCB7B0BD214BDC16000036EE;
			remoteInfo = "ios-challenge";
		};
/* End PBXContainerItemProxy section */

/* Begin PBXFileReference section */
		0FFFAD15BFDA9CF10B335034 /* Pods-ios-challengeTests.debug.xcconfig */ = {isa = PBXFileReference; includeInIndex = 1; lastKnownFileType = text.xcconfig; name = "Pods-ios-challengeTests.debug.xcconfig"; path = "Pods/Target Support Files/Pods-ios-challengeTests/Pods-ios-challengeTests.debug.xcconfig"; sourceTree = "<group>"; };
		4C89C1D21CF0B18A9BEE339C /* Pods-ios-challengeUITests.release.xcconfig */ = {isa = PBXFileReference; includeInIndex = 1; lastKnownFileType = text.xcconfig; name = "Pods-ios-challengeUITests.release.xcconfig"; path = "Pods/Target Support Files/Pods-ios-challengeUITests/Pods-ios-challengeUITests.release.xcconfig"; sourceTree = "<group>"; };
		5FE2AE20E4D45398201B9E81 /* Pods_ios_challenge.framework */ = {isa = PBXFileReference; explicitFileType = wrapper.framework; includeInIndex = 0; path = Pods_ios_challenge.framework; sourceTree = BUILT_PRODUCTS_DIR; };
		6EBE20D7E88AA3F7EABA36E7 /* Pods_ios_challengeTests.framework */ = {isa = PBXFileReference; explicitFileType = wrapper.framework; includeInIndex = 0; path = Pods_ios_challengeTests.framework; sourceTree = BUILT_PRODUCTS_DIR; };
		89E53F2721DC375B52C12B46 /* Pods_ios_challengeUITests.framework */ = {isa = PBXFileReference; explicitFileType = wrapper.framework; includeInIndex = 0; path = Pods_ios_challengeUITests.framework; sourceTree = BUILT_PRODUCTS_DIR; };
		AB210FE4FF21F85B45DCCABF /* Pods-ios-challenge.debug.xcconfig */ = {isa = PBXFileReference; includeInIndex = 1; lastKnownFileType = text.xcconfig; name = "Pods-ios-challenge.debug.xcconfig"; path = "Pods/Target Support Files/Pods-ios-challenge/Pods-ios-challenge.debug.xcconfig"; sourceTree = "<group>"; };
		B6CCA7B74C524184F35DACAC /* Pods-ios-challenge.release.xcconfig */ = {isa = PBXFileReference; includeInIndex = 1; lastKnownFileType = text.xcconfig; name = "Pods-ios-challenge.release.xcconfig"; path = "Pods/Target Support Files/Pods-ios-challenge/Pods-ios-challenge.release.xcconfig"; sourceTree = "<group>"; };
		BC07B3C8214BE8350052F3A2 /* FavoritesViewController.swift */ = {isa = PBXFileReference; lastKnownFileType = sourcecode.swift; path = FavoritesViewController.swift; sourceTree = "<group>"; };
		BC07B3CA214C703F0052F3A2 /* UIFont+Additions.swift */ = {isa = PBXFileReference; fileEncoding = 4; lastKnownFileType = sourcecode.swift; path = "UIFont+Additions.swift"; sourceTree = "<group>"; };
		BC07B3CB214C703F0052F3A2 /* UIColor+Additions.swift */ = {isa = PBXFileReference; fileEncoding = 4; lastKnownFileType = sourcecode.swift; path = "UIColor+Additions.swift"; sourceTree = "<group>"; };
		BC5069E1214DEDA7001F120D /* ProductsCollectionViewCell.swift */ = {isa = PBXFileReference; lastKnownFileType = sourcecode.swift; path = ProductsCollectionViewCell.swift; sourceTree = "<group>"; };
		BC5069E3214E04DE001F120D /* HeaderReusableView.swift */ = {isa = PBXFileReference; lastKnownFileType = sourcecode.swift; path = HeaderReusableView.swift; sourceTree = "<group>"; };
		BC5069E5214E47F6001F120D /* ProductViewCellView.swift */ = {isa = PBXFileReference; lastKnownFileType = sourcecode.swift; path = ProductViewCellView.swift; sourceTree = "<group>"; };
		BC5069E8214E4E05001F120D /* Product.swift */ = {isa = PBXFileReference; lastKnownFileType = sourcecode.swift; path = Product.swift; sourceTree = "<group>"; };
		BC5069EB214F5B19001F120D /* User.swift */ = {isa = PBXFileReference; lastKnownFileType = sourcecode.swift; path = User.swift; sourceTree = "<group>"; };
		BC5069ED214F5B6D001F120D /* ProductsCollectionModel.swift */ = {isa = PBXFileReference; lastKnownFileType = sourcecode.swift; path = ProductsCollectionModel.swift; sourceTree = "<group>"; };
		BC5069F22150CD65001F120D /* ProductsCollectionCellViewModel.swift */ = {isa = PBXFileReference; lastKnownFileType = sourcecode.swift; path = ProductsCollectionCellViewModel.swift; sourceTree = "<group>"; };
		BC5069F42150D07F001F120D /* FavoritesViewViewModel.swift */ = {isa = PBXFileReference; lastKnownFileType = sourcecode.swift; path = FavoritesViewViewModel.swift; sourceTree = "<group>"; };
		BC5069F72150D337001F120D /* FavoritesViewModel.swift */ = {isa = PBXFileReference; lastKnownFileType = sourcecode.swift; path = FavoritesViewModel.swift; sourceTree = "<group>"; };
		BC5069F92150D3F3001F120D /* CellViewModelProtocol.swift */ = {isa = PBXFileReference; lastKnownFileType = sourcecode.swift; path = CellViewModelProtocol.swift; sourceTree = "<group>"; };
		BC5069FB2151D35E001F120D /* ProductCellViewModel.swift */ = {isa = PBXFileReference; lastKnownFileType = sourcecode.swift; path = ProductCellViewModel.swift; sourceTree = "<group>"; };
		BC5069FD2151E0A2001F120D /* ProductViewCell.swift */ = {isa = PBXFileReference; lastKnownFileType = sourcecode.swift; path = ProductViewCell.swift; sourceTree = "<group>"; };
		BC5069FF2151E113001F120D /* ProductsCollectionViewCellView.swift */ = {isa = PBXFileReference; lastKnownFileType = sourcecode.swift; path = ProductsCollectionViewCellView.swift; sourceTree = "<group>"; };
		BC506A0121540539001F120D /* ndIc30PlusSquare.pdf */ = {isa = PBXFileReference; lastKnownFileType = image.pdf; path = ndIc30PlusSquare.pdf; sourceTree = "<group>"; };
		BC506A0321540543001F120D /* ndIc30Plus48Square.pdf */ = {isa = PBXFileReference; lastKnownFileType = image.pdf; path = ndIc30Plus48Square.pdf; sourceTree = "<group>"; };
		BC506A052154055C001F120D /* ndIc30RefurbishedSquare.pdf */ = {isa = PBXFileReference; lastKnownFileType = image.pdf; path = ndIc30RefurbishedSquare.pdf; sourceTree = "<group>"; };
		BC506A0721540568001F120D /* ndIc30NewSquare.pdf */ = {isa = PBXFileReference; lastKnownFileType = image.pdf; path = ndIc30NewSquare.pdf; sourceTree = "<group>"; };
		BC506A0921540570001F120D /* ndIc30InternationalSquare.pdf */ = {isa = PBXFileReference; lastKnownFileType = image.pdf; path = ndIc30InternationalSquare.pdf; sourceTree = "<group>"; };
		BC506A0B2154059F001F120D /* ndIc30FreeShippingSquare.pdf */ = {isa = PBXFileReference; lastKnownFileType = image.pdf; path = ndIc30FreeShippingSquare.pdf; sourceTree = "<group>"; };
		BC506A0D21540829001F120D /* ndIc24FavOnPink.pdf */ = {isa = PBXFileReference; lastKnownFileType = image.pdf; path = ndIc24FavOnPink.pdf; sourceTree = "<group>"; };
		BCB7B0BE214BDC16000036EE /* ios-challenge.app */ = {isa = PBXFileReference; explicitFileType = wrapper.application; includeInIndex = 0; path = "ios-challenge.app"; sourceTree = BUILT_PRODUCTS_DIR; };
		BCB7B0C1214BDC16000036EE /* AppDelegate.swift */ = {isa = PBXFileReference; lastKnownFileType = sourcecode.swift; path = AppDelegate.swift; sourceTree = "<group>"; };
		BCB7B0C8214BDC18000036EE /* Assets.xcassets */ = {isa = PBXFileReference; lastKnownFileType = folder.assetcatalog; path = Assets.xcassets; sourceTree = "<group>"; };
		BCB7B0CB214BDC18000036EE /* Base */ = {isa = PBXFileReference; lastKnownFileType = file.storyboard; name = Base; path = Base.lproj/LaunchScreen.storyboard; sourceTree = "<group>"; };
		BCB7B0CD214BDC19000036EE /* Info.plist */ = {isa = PBXFileReference; lastKnownFileType = text.plist.xml; path = Info.plist; sourceTree = "<group>"; };
		BCB7B0D2214BDC19000036EE /* ios-challengeTests.xctest */ = {isa = PBXFileReference; explicitFileType = wrapper.cfbundle; includeInIndex = 0; path = "ios-challengeTests.xctest"; sourceTree = BUILT_PRODUCTS_DIR; };
		BCB7B0D6214BDC19000036EE /* ios_challengeTests.swift */ = {isa = PBXFileReference; lastKnownFileType = sourcecode.swift; path = ios_challengeTests.swift; sourceTree = "<group>"; };
		BCB7B0D8214BDC19000036EE /* Info.plist */ = {isa = PBXFileReference; lastKnownFileType = text.plist.xml; path = Info.plist; sourceTree = "<group>"; };
		BCB7B0DD214BDC19000036EE /* ios-challengeUITests.xctest */ = {isa = PBXFileReference; explicitFileType = wrapper.cfbundle; includeInIndex = 0; path = "ios-challengeUITests.xctest"; sourceTree = BUILT_PRODUCTS_DIR; };
		BCB7B0E1214BDC19000036EE /* ios_challengeUITests.swift */ = {isa = PBXFileReference; lastKnownFileType = sourcecode.swift; path = ios_challengeUITests.swift; sourceTree = "<group>"; };
		BCB7B0E3214BDC19000036EE /* Info.plist */ = {isa = PBXFileReference; lastKnownFileType = text.plist.xml; path = Info.plist; sourceTree = "<group>"; };
		CDDC3533C94B8DED03ED7B0B /* Pods-ios-challengeUITests.debug.xcconfig */ = {isa = PBXFileReference; includeInIndex = 1; lastKnownFileType = text.xcconfig; name = "Pods-ios-challengeUITests.debug.xcconfig"; path = "Pods/Target Support Files/Pods-ios-challengeUITests/Pods-ios-challengeUITests.debug.xcconfig"; sourceTree = "<group>"; };
		E94429704B22B8DB883590F7 /* Pods-ios-challengeTests.release.xcconfig */ = {isa = PBXFileReference; includeInIndex = 1; lastKnownFileType = text.xcconfig; name = "Pods-ios-challengeTests.release.xcconfig"; path = "Pods/Target Support Files/Pods-ios-challengeTests/Pods-ios-challengeTests.release.xcconfig"; sourceTree = "<group>"; };
/* End PBXFileReference section */

/* Begin PBXFrameworksBuildPhase section */
		BCB7B0BB214BDC16000036EE /* Frameworks */ = {
			isa = PBXFrameworksBuildPhase;
			buildActionMask = 2147483647;
			files = (
				346E7FBD5B47BDF807AAF71F /* Pods_ios_challenge.framework in Frameworks */,
			);
			runOnlyForDeploymentPostprocessing = 0;
		};
		BCB7B0CF214BDC19000036EE /* Frameworks */ = {
			isa = PBXFrameworksBuildPhase;
			buildActionMask = 2147483647;
			files = (
				B5A4BB832EB09AFC5F6BA1E9 /* Pods_ios_challengeTests.framework in Frameworks */,
			);
			runOnlyForDeploymentPostprocessing = 0;
		};
		BCB7B0DA214BDC19000036EE /* Frameworks */ = {
			isa = PBXFrameworksBuildPhase;
			buildActionMask = 2147483647;
			files = (
				D03B750BA8F85DCC17752938 /* Pods_ios_challengeUITests.framework in Frameworks */,
			);
			runOnlyForDeploymentPostprocessing = 0;
		};
/* End PBXFrameworksBuildPhase section */

/* Begin PBXGroup section */
		6F13727BA90422499F88441B /* Frameworks */ = {
			isa = PBXGroup;
			children = (
				5FE2AE20E4D45398201B9E81 /* Pods_ios_challenge.framework */,
				6EBE20D7E88AA3F7EABA36E7 /* Pods_ios_challengeTests.framework */,
				89E53F2721DC375B52C12B46 /* Pods_ios_challengeUITests.framework */,
			);
			name = Frameworks;
			sourceTree = "<group>";
		};
		B61660DA4A698703338C169B /* Pods */ = {
			isa = PBXGroup;
			children = (
				AB210FE4FF21F85B45DCCABF /* Pods-ios-challenge.debug.xcconfig */,
				B6CCA7B74C524184F35DACAC /* Pods-ios-challenge.release.xcconfig */,
				0FFFAD15BFDA9CF10B335034 /* Pods-ios-challengeTests.debug.xcconfig */,
				E94429704B22B8DB883590F7 /* Pods-ios-challengeTests.release.xcconfig */,
				CDDC3533C94B8DED03ED7B0B /* Pods-ios-challengeUITests.debug.xcconfig */,
				4C89C1D21CF0B18A9BEE339C /* Pods-ios-challengeUITests.release.xcconfig */,
			);
			name = Pods;
			sourceTree = "<group>";
		};
		BC07B3C6214BE7910052F3A2 /* Sources */ = {
			isa = PBXGroup;
			children = (
				BC5069EA214E603F001F120D /* ViewModels */,
				BC5069E7214E4DDE001F120D /* Models */,
				BC5069E0214DED25001F120D /* Cells */,
				BC07B3CE214DE2670052F3A2 /* Controllers */,
				BC07B3CB214C703F0052F3A2 /* UIColor+Additions.swift */,
				BC07B3CA214C703F0052F3A2 /* UIFont+Additions.swift */,
			);
			path = Sources;
			sourceTree = "<group>";
		};
		BC07B3C7214BE7DE0052F3A2 /* Assets */ = {
			isa = PBXGroup;
			children = (
				BC506A0121540539001F120D /* ndIc30PlusSquare.pdf */,
				BC506A0321540543001F120D /* ndIc30Plus48Square.pdf */,
				BC506A052154055C001F120D /* ndIc30RefurbishedSquare.pdf */,
				BC506A0721540568001F120D /* ndIc30NewSquare.pdf */,
				BC506A0921540570001F120D /* ndIc30InternationalSquare.pdf */,
				BC506A0B2154059F001F120D /* ndIc30FreeShippingSquare.pdf */,
				BC506A0D21540829001F120D /* ndIc24FavOnPink.pdf */,
			);
			path = Assets;
			sourceTree = "<group>";
		};
		BC07B3CE214DE2670052F3A2 /* Controllers */ = {
			isa = PBXGroup;
			children = (
				BC07B3C8214BE8350052F3A2 /* FavoritesViewController.swift */,
			);
			path = Controllers;
			sourceTree = "<group>";
		};
		BC5069E0214DED25001F120D /* Cells */ = {
			isa = PBXGroup;
			children = (
				BC5069F12150CC9C001F120D /* Views */,
				BC5069E1214DEDA7001F120D /* ProductsCollectionViewCell.swift */,
				BC5069FD2151E0A2001F120D /* ProductViewCell.swift */,
			);
			path = Cells;
			sourceTree = "<group>";
		};
		BC5069E7214E4DDE001F120D /* Models */ = {
			isa = PBXGroup;
			children = (
				BC5069F62150D2FF001F120D /* Structs */,
				BC5069ED214F5B6D001F120D /* ProductsCollectionModel.swift */,
				BC5069F72150D337001F120D /* FavoritesViewModel.swift */,
			);
			path = Models;
			sourceTree = "<group>";
		};
		BC5069EA214E603F001F120D /* ViewModels */ = {
			isa = PBXGroup;
			children = (
				BC5069F42150D07F001F120D /* FavoritesViewViewModel.swift */,
				BC5069F22150CD65001F120D /* ProductsCollectionCellViewModel.swift */,
				BC5069FB2151D35E001F120D /* ProductCellViewModel.swift */,
				BC5069F92150D3F3001F120D /* CellViewModelProtocol.swift */,
			);
			path = ViewModels;
			sourceTree = "<group>";
		};
		BC5069F12150CC9C001F120D /* Views */ = {
			isa = PBXGroup;
			children = (
				BC5069E3214E04DE001F120D /* HeaderReusableView.swift */,
				BC5069E5214E47F6001F120D /* ProductViewCellView.swift */,
				BC5069FF2151E113001F120D /* ProductsCollectionViewCellView.swift */,
			);
			path = Views;
			sourceTree = "<group>";
		};
		BC5069F62150D2FF001F120D /* Structs */ = {
			isa = PBXGroup;
			children = (
				BC5069E8214E4E05001F120D /* Product.swift */,
				BC5069EB214F5B19001F120D /* User.swift */,
			);
			path = Structs;
			sourceTree = "<group>";
		};
		BCB7B0B5214BDC15000036EE = {
			isa = PBXGroup;
			children = (
				BCB7B0C0214BDC16000036EE /* ios-challenge */,
				BCB7B0D5214BDC19000036EE /* ios-challengeTests */,
				BCB7B0E0214BDC19000036EE /* ios-challengeUITests */,
				BCB7B0BF214BDC16000036EE /* Products */,
				B61660DA4A698703338C169B /* Pods */,
				6F13727BA90422499F88441B /* Frameworks */,
			);
			sourceTree = "<group>";
		};
		BCB7B0BF214BDC16000036EE /* Products */ = {
			isa = PBXGroup;
			children = (
				BCB7B0BE214BDC16000036EE /* ios-challenge.app */,
				BCB7B0D2214BDC19000036EE /* ios-challengeTests.xctest */,
				BCB7B0DD214BDC19000036EE /* ios-challengeUITests.xctest */,
			);
			name = Products;
			sourceTree = "<group>";
		};
		BCB7B0C0214BDC16000036EE /* ios-challenge */ = {
			isa = PBXGroup;
			children = (
				BC07B3C7214BE7DE0052F3A2 /* Assets */,
				BC07B3C6214BE7910052F3A2 /* Sources */,
				BCB7B0C1214BDC16000036EE /* AppDelegate.swift */,
				BCB7B0C8214BDC18000036EE /* Assets.xcassets */,
				BCB7B0CA214BDC18000036EE /* LaunchScreen.storyboard */,
				BCB7B0CD214BDC19000036EE /* Info.plist */,
			);
			path = "ios-challenge";
			sourceTree = "<group>";
		};
		BCB7B0D5214BDC19000036EE /* ios-challengeTests */ = {
			isa = PBXGroup;
			children = (
				BCB7B0D6214BDC19000036EE /* ios_challengeTests.swift */,
				BCB7B0D8214BDC19000036EE /* Info.plist */,
			);
			path = "ios-challengeTests";
			sourceTree = "<group>";
		};
		BCB7B0E0214BDC19000036EE /* ios-challengeUITests */ = {
			isa = PBXGroup;
			children = (
				BCB7B0E1214BDC19000036EE /* ios_challengeUITests.swift */,
				BCB7B0E3214BDC19000036EE /* Info.plist */,
			);
			path = "ios-challengeUITests";
			sourceTree = "<group>";
		};
/* End PBXGroup section */

/* Begin PBXNativeTarget section */
		BCB7B0BD214BDC16000036EE /* ios-challenge */ = {
			isa = PBXNativeTarget;
			buildConfigurationList = BCB7B0E6214BDC19000036EE /* Build configuration list for PBXNativeTarget "ios-challenge" */;
			buildPhases = (
				E9549CADCFF40F4FCABE52FA /* [CP] Check Pods Manifest.lock */,
				BCB7B0BA214BDC16000036EE /* Sources */,
				BCB7B0BB214BDC16000036EE /* Frameworks */,
				BCB7B0BC214BDC16000036EE /* Resources */,
			);
			buildRules = (
			);
			dependencies = (
			);
			name = "ios-challenge";
			productName = "ios-challenge";
			productReference = BCB7B0BE214BDC16000036EE /* ios-challenge.app */;
			productType = "com.apple.product-type.application";
		};
		BCB7B0D1214BDC19000036EE /* ios-challengeTests */ = {
			isa = PBXNativeTarget;
			buildConfigurationList = BCB7B0E9214BDC19000036EE /* Build configuration list for PBXNativeTarget "ios-challengeTests" */;
			buildPhases = (
				FDBB114EFDA73ED94A1FA839 /* [CP] Check Pods Manifest.lock */,
				BCB7B0CE214BDC19000036EE /* Sources */,
				BCB7B0CF214BDC19000036EE /* Frameworks */,
				BCB7B0D0214BDC19000036EE /* Resources */,
			);
			buildRules = (
			);
			dependencies = (
				BCB7B0D4214BDC19000036EE /* PBXTargetDependency */,
			);
			name = "ios-challengeTests";
			productName = "ios-challengeTests";
			productReference = BCB7B0D2214BDC19000036EE /* ios-challengeTests.xctest */;
			productType = "com.apple.product-type.bundle.unit-test";
		};
		BCB7B0DC214BDC19000036EE /* ios-challengeUITests */ = {
			isa = PBXNativeTarget;
			buildConfigurationList = BCB7B0EC214BDC19000036EE /* Build configuration list for PBXNativeTarget "ios-challengeUITests" */;
			buildPhases = (
				F2F650224ABE1301CFE691C4 /* [CP] Check Pods Manifest.lock */,
				BCB7B0D9214BDC19000036EE /* Sources */,
				BCB7B0DA214BDC19000036EE /* Frameworks */,
				BCB7B0DB214BDC19000036EE /* Resources */,
			);
			buildRules = (
			);
			dependencies = (
				BCB7B0DF214BDC19000036EE /* PBXTargetDependency */,
			);
			name = "ios-challengeUITests";
			productName = "ios-challengeUITests";
			productReference = BCB7B0DD214BDC19000036EE /* ios-challengeUITests.xctest */;
			productType = "com.apple.product-type.bundle.ui-testing";
		};
/* End PBXNativeTarget section */

/* Begin PBXProject section */
		BCB7B0B6214BDC15000036EE /* Project object */ = {
			isa = PBXProject;
			attributes = {
				LastSwiftUpdateCheck = 0940;
				LastUpgradeCheck = 0940;
				ORGANIZATIONNAME = Linio;
				TargetAttributes = {
					BCB7B0BD214BDC16000036EE = {
						CreatedOnToolsVersion = 9.4.1;
					};
					BCB7B0D1214BDC19000036EE = {
						CreatedOnToolsVersion = 9.4.1;
						TestTargetID = BCB7B0BD214BDC16000036EE;
					};
					BCB7B0DC214BDC19000036EE = {
						CreatedOnToolsVersion = 9.4.1;
						TestTargetID = BCB7B0BD214BDC16000036EE;
					};
				};
			};
			buildConfigurationList = BCB7B0B9214BDC15000036EE /* Build configuration list for PBXProject "ios-challenge" */;
			compatibilityVersion = "Xcode 9.3";
			developmentRegion = en;
			hasScannedForEncodings = 0;
			knownRegions = (
				en,
				Base,
			);
			mainGroup = BCB7B0B5214BDC15000036EE;
			productRefGroup = BCB7B0BF214BDC16000036EE /* Products */;
			projectDirPath = "";
			projectRoot = "";
			targets = (
				BCB7B0BD214BDC16000036EE /* ios-challenge */,
				BCB7B0D1214BDC19000036EE /* ios-challengeTests */,
				BCB7B0DC214BDC19000036EE /* ios-challengeUITests */,
			);
		};
/* End PBXProject section */

/* Begin PBXResourcesBuildPhase section */
		BCB7B0BC214BDC16000036EE /* Resources */ = {
			isa = PBXResourcesBuildPhase;
			buildActionMask = 2147483647;
			files = (
				BC506A0421540543001F120D /* ndIc30Plus48Square.pdf in Resources */,
				BC506A0821540568001F120D /* ndIc30NewSquare.pdf in Resources */,
				BC506A0C2154059F001F120D /* ndIc30FreeShippingSquare.pdf in Resources */,
				BC506A0E21540829001F120D /* ndIc24FavOnPink.pdf in Resources */,
				BC506A0221540539001F120D /* ndIc30PlusSquare.pdf in Resources */,
				BC506A0A21540571001F120D /* ndIc30InternationalSquare.pdf in Resources */,
				BCB7B0CC214BDC18000036EE /* LaunchScreen.storyboard in Resources */,
				BC506A062154055C001F120D /* ndIc30RefurbishedSquare.pdf in Resources */,
				BCB7B0C9214BDC18000036EE /* Assets.xcassets in Resources */,
			);
			runOnlyForDeploymentPostprocessing = 0;
		};
		BCB7B0D0214BDC19000036EE /* Resources */ = {
			isa = PBXResourcesBuildPhase;
			buildActionMask = 2147483647;
			files = (
			);
			runOnlyForDeploymentPostprocessing = 0;
		};
		BCB7B0DB214BDC19000036EE /* Resources */ = {
			isa = PBXResourcesBuildPhase;
			buildActionMask = 2147483647;
			files = (
			);
			runOnlyForDeploymentPostprocessing = 0;
		};
/* End PBXResourcesBuildPhase section */

/* Begin PBXShellScriptBuildPhase section */
		E9549CADCFF40F4FCABE52FA /* [CP] Check Pods Manifest.lock */ = {
			isa = PBXShellScriptBuildPhase;
			buildActionMask = 2147483647;
			files = (
			);
			inputPaths = (
				"${PODS_PODFILE_DIR_PATH}/Podfile.lock",
				"${PODS_ROOT}/Manifest.lock",
			);
			name = "[CP] Check Pods Manifest.lock";
			outputPaths = (
				"$(DERIVED_FILE_DIR)/Pods-ios-challenge-checkManifestLockResult.txt",
			);
			runOnlyForDeploymentPostprocessing = 0;
			shellPath = /bin/sh;
			shellScript = "diff \"${PODS_PODFILE_DIR_PATH}/Podfile.lock\" \"${PODS_ROOT}/Manifest.lock\" > /dev/null\nif [ $? != 0 ] ; then\n    # print error to STDERR\n    echo \"error: The sandbox is not in sync with the Podfile.lock. Run 'pod install' or update your CocoaPods installation.\" >&2\n    exit 1\nfi\n# This output is used by Xcode 'outputs' to avoid re-running this script phase.\necho \"SUCCESS\" > \"${SCRIPT_OUTPUT_FILE_0}\"\n";
			showEnvVarsInLog = 0;
		};
		F2F650224ABE1301CFE691C4 /* [CP] Check Pods Manifest.lock */ = {
			isa = PBXShellScriptBuildPhase;
			buildActionMask = 2147483647;
			files = (
			);
			inputPaths = (
				"${PODS_PODFILE_DIR_PATH}/Podfile.lock",
				"${PODS_ROOT}/Manifest.lock",
			);
			name = "[CP] Check Pods Manifest.lock";
			outputPaths = (
				"$(DERIVED_FILE_DIR)/Pods-ios-challengeUITests-checkManifestLockResult.txt",
			);
			runOnlyForDeploymentPostprocessing = 0;
			shellPath = /bin/sh;
			shellScript = "diff \"${PODS_PODFILE_DIR_PATH}/Podfile.lock\" \"${PODS_ROOT}/Manifest.lock\" > /dev/null\nif [ $? != 0 ] ; then\n    # print error to STDERR\n    echo \"error: The sandbox is not in sync with the Podfile.lock. Run 'pod install' or update your CocoaPods installation.\" >&2\n    exit 1\nfi\n# This output is used by Xcode 'outputs' to avoid re-running this script phase.\necho \"SUCCESS\" > \"${SCRIPT_OUTPUT_FILE_0}\"\n";
			showEnvVarsInLog = 0;
		};
		FDBB114EFDA73ED94A1FA839 /* [CP] Check Pods Manifest.lock */ = {
			isa = PBXShellScriptBuildPhase;
			buildActionMask = 2147483647;
			files = (
			);
			inputPaths = (
				"${PODS_PODFILE_DIR_PATH}/Podfile.lock",
				"${PODS_ROOT}/Manifest.lock",
			);
			name = "[CP] Check Pods Manifest.lock";
			outputPaths = (
				"$(DERIVED_FILE_DIR)/Pods-ios-challengeTests-checkManifestLockResult.txt",
			);
			runOnlyForDeploymentPostprocessing = 0;
			shellPath = /bin/sh;
			shellScript = "diff \"${PODS_PODFILE_DIR_PATH}/Podfile.lock\" \"${PODS_ROOT}/Manifest.lock\" > /dev/null\nif [ $? != 0 ] ; then\n    # print error to STDERR\n    echo \"error: The sandbox is not in sync with the Podfile.lock. Run 'pod install' or update your CocoaPods installation.\" >&2\n    exit 1\nfi\n# This output is used by Xcode 'outputs' to avoid re-running this script phase.\necho \"SUCCESS\" > \"${SCRIPT_OUTPUT_FILE_0}\"\n";
			showEnvVarsInLog = 0;
		};
/* End PBXShellScriptBuildPhase section */

/* Begin PBXSourcesBuildPhase section */
		BCB7B0BA214BDC16000036EE /* Sources */ = {
			isa = PBXSourcesBuildPhase;
			buildActionMask = 2147483647;
			files = (
				BC5069E6214E47F6001F120D /* ProductViewCellView.swift in Sources */,
				BC5069F32150CD65001F120D /* ProductsCollectionCellViewModel.swift in Sources */,
				BC5069E4214E04DE001F120D /* HeaderReusableView.swift in Sources */,
				BC07B3C9214BE8350052F3A2 /* FavoritesViewController.swift in Sources */,
				BC5069FC2151D35E001F120D /* ProductCellViewModel.swift in Sources */,
				BC506A002151E113001F120D /* ProductsCollectionViewCellView.swift in Sources */,
				BC07B3CD214C70400052F3A2 /* UIColor+Additions.swift in Sources */,
				BC5069F52150D07F001F120D /* FavoritesViewViewModel.swift in Sources */,
				BC5069FA2150D3F3001F120D /* CellViewModelProtocol.swift in Sources */,
				BC5069E2214DEDA7001F120D /* ProductsCollectionViewCell.swift in Sources */,
				BC5069EE214F5B6D001F120D /* ProductsCollectionModel.swift in Sources */,
				BC5069EC214F5B19001F120D /* User.swift in Sources */,
				BC07B3CC214C70400052F3A2 /* UIFont+Additions.swift in Sources */,
				BC5069FE2151E0A2001F120D /* ProductViewCell.swift in Sources */,
				BCB7B0C2214BDC16000036EE /* AppDelegate.swift in Sources */,
				BC5069E9214E4E05001F120D /* Product.swift in Sources */,
				BC5069F82150D337001F120D /* FavoritesViewModel.swift in Sources */,
			);
			runOnlyForDeploymentPostprocessing = 0;
		};
		BCB7B0CE214BDC19000036EE /* Sources */ = {
			isa = PBXSourcesBuildPhase;
			buildActionMask = 2147483647;
			files = (
				BCB7B0D7214BDC19000036EE /* ios_challengeTests.swift in Sources */,
			);
			runOnlyForDeploymentPostprocessing = 0;
		};
		BCB7B0D9214BDC19000036EE /* Sources */ = {
			isa = PBXSourcesBuildPhase;
			buildActionMask = 2147483647;
			files = (
				BCB7B0E2214BDC19000036EE /* ios_challengeUITests.swift in Sources */,
			);
			runOnlyForDeploymentPostprocessing = 0;
		};
/* End PBXSourcesBuildPhase section */

/* Begin PBXTargetDependency section */
		BCB7B0D4214BDC19000036EE /* PBXTargetDependency */ = {
			isa = PBXTargetDependency;
			target = BCB7B0BD214BDC16000036EE /* ios-challenge */;
			targetProxy = BCB7B0D3214BDC19000036EE /* PBXContainerItemProxy */;
		};
		BCB7B0DF214BDC19000036EE /* PBXTargetDependency */ = {
			isa = PBXTargetDependency;
			target = BCB7B0BD214BDC16000036EE /* ios-challenge */;
			targetProxy = BCB7B0DE214BDC19000036EE /* PBXContainerItemProxy */;
		};
/* End PBXTargetDependency section */

/* Begin PBXVariantGroup section */
		BCB7B0CA214BDC18000036EE /* LaunchScreen.storyboard */ = {
			isa = PBXVariantGroup;
			children = (
				BCB7B0CB214BDC18000036EE /* Base */,
			);
			name = LaunchScreen.storyboard;
			sourceTree = "<group>";
		};
/* End PBXVariantGroup section */

/* Begin XCBuildConfiguration section */
		BCB7B0E4214BDC19000036EE /* Debug */ = {
			isa = XCBuildConfiguration;
			buildSettings = {
				ALWAYS_SEARCH_USER_PATHS = NO;
				CLANG_ANALYZER_NONNULL = YES;
				CLANG_ANALYZER_NUMBER_OBJECT_CONVERSION = YES_AGGRESSIVE;
				CLANG_CXX_LANGUAGE_STANDARD = "gnu++14";
				CLANG_CXX_LIBRARY = "libc++";
				CLANG_ENABLE_MODULES = YES;
				CLANG_ENABLE_OBJC_ARC = YES;
				CLANG_ENABLE_OBJC_WEAK = YES;
				CLANG_WARN_BLOCK_CAPTURE_AUTORELEASING = YES;
				CLANG_WARN_BOOL_CONVERSION = YES;
				CLANG_WARN_COMMA = YES;
				CLANG_WARN_CONSTANT_CONVERSION = YES;
				CLANG_WARN_DEPRECATED_OBJC_IMPLEMENTATIONS = YES;
				CLANG_WARN_DIRECT_OBJC_ISA_USAGE = YES_ERROR;
				CLANG_WARN_DOCUMENTATION_COMMENTS = YES;
				CLANG_WARN_EMPTY_BODY = YES;
				CLANG_WARN_ENUM_CONVERSION = YES;
				CLANG_WARN_INFINITE_RECURSION = YES;
				CLANG_WARN_INT_CONVERSION = YES;
				CLANG_WARN_NON_LITERAL_NULL_CONVERSION = YES;
				CLANG_WARN_OBJC_IMPLICIT_RETAIN_SELF = YES;
				CLANG_WARN_OBJC_LITERAL_CONVERSION = YES;
				CLANG_WARN_OBJC_ROOT_CLASS = YES_ERROR;
				CLANG_WARN_RANGE_LOOP_ANALYSIS = YES;
				CLANG_WARN_STRICT_PROTOTYPES = YES;
				CLANG_WARN_SUSPICIOUS_MOVE = YES;
				CLANG_WARN_UNGUARDED_AVAILABILITY = YES_AGGRESSIVE;
				CLANG_WARN_UNREACHABLE_CODE = YES;
				CLANG_WARN__DUPLICATE_METHOD_MATCH = YES;
				CODE_SIGN_IDENTITY = "iPhone Developer";
				COPY_PHASE_STRIP = NO;
				DEBUG_INFORMATION_FORMAT = dwarf;
				ENABLE_STRICT_OBJC_MSGSEND = YES;
				ENABLE_TESTABILITY = YES;
				GCC_C_LANGUAGE_STANDARD = gnu11;
				GCC_DYNAMIC_NO_PIC = NO;
				GCC_NO_COMMON_BLOCKS = YES;
				GCC_OPTIMIZATION_LEVEL = 0;
				GCC_PREPROCESSOR_DEFINITIONS = (
					"DEBUG=1",
					"$(inherited)",
				);
				GCC_WARN_64_TO_32_BIT_CONVERSION = YES;
				GCC_WARN_ABOUT_RETURN_TYPE = YES_ERROR;
				GCC_WARN_UNDECLARED_SELECTOR = YES;
				GCC_WARN_UNINITIALIZED_AUTOS = YES_AGGRESSIVE;
				GCC_WARN_UNUSED_FUNCTION = YES;
				GCC_WARN_UNUSED_VARIABLE = YES;
				IPHONEOS_DEPLOYMENT_TARGET = 11.4;
				MTL_ENABLE_DEBUG_INFO = YES;
				ONLY_ACTIVE_ARCH = YES;
				SDKROOT = iphoneos;
				SWIFT_ACTIVE_COMPILATION_CONDITIONS = DEBUG;
				SWIFT_OPTIMIZATION_LEVEL = "-Onone";
			};
			name = Debug;
		};
		BCB7B0E5214BDC19000036EE /* Release */ = {
			isa = XCBuildConfiguration;
			buildSettings = {
				ALWAYS_SEARCH_USER_PATHS = NO;
				CLANG_ANALYZER_NONNULL = YES;
				CLANG_ANALYZER_NUMBER_OBJECT_CONVERSION = YES_AGGRESSIVE;
				CLANG_CXX_LANGUAGE_STANDARD = "gnu++14";
				CLANG_CXX_LIBRARY = "libc++";
				CLANG_ENABLE_MODULES = YES;
				CLANG_ENABLE_OBJC_ARC = YES;
				CLANG_ENABLE_OBJC_WEAK = YES;
				CLANG_WARN_BLOCK_CAPTURE_AUTORELEASING = YES;
				CLANG_WARN_BOOL_CONVERSION = YES;
				CLANG_WARN_COMMA = YES;
				CLANG_WARN_CONSTANT_CONVERSION = YES;
				CLANG_WARN_DEPRECATED_OBJC_IMPLEMENTATIONS = YES;
				CLANG_WARN_DIRECT_OBJC_ISA_USAGE = YES_ERROR;
				CLANG_WARN_DOCUMENTATION_COMMENTS = YES;
				CLANG_WARN_EMPTY_BODY = YES;
				CLANG_WARN_ENUM_CONVERSION = YES;
				CLANG_WARN_INFINITE_RECURSION = YES;
				CLANG_WARN_INT_CONVERSION = YES;
				CLANG_WARN_NON_LITERAL_NULL_CONVERSION = YES;
				CLANG_WARN_OBJC_IMPLICIT_RETAIN_SELF = YES;
				CLANG_WARN_OBJC_LITERAL_CONVERSION = YES;
				CLANG_WARN_OBJC_ROOT_CLASS = YES_ERROR;
				CLANG_WARN_RANGE_LOOP_ANALYSIS = YES;
				CLANG_WARN_STRICT_PROTOTYPES = YES;
				CLANG_WARN_SUSPICIOUS_MOVE = YES;
				CLANG_WARN_UNGUARDED_AVAILABILITY = YES_AGGRESSIVE;
				CLANG_WARN_UNREACHABLE_CODE = YES;
				CLANG_WARN__DUPLICATE_METHOD_MATCH = YES;
				CODE_SIGN_IDENTITY = "iPhone Developer";
				COPY_PHASE_STRIP = NO;
				DEBUG_INFORMATION_FORMAT = "dwarf-with-dsym";
				ENABLE_NS_ASSERTIONS = NO;
				ENABLE_STRICT_OBJC_MSGSEND = YES;
				GCC_C_LANGUAGE_STANDARD = gnu11;
				GCC_NO_COMMON_BLOCKS = YES;
				GCC_WARN_64_TO_32_BIT_CONVERSION = YES;
				GCC_WARN_ABOUT_RETURN_TYPE = YES_ERROR;
				GCC_WARN_UNDECLARED_SELECTOR = YES;
				GCC_WARN_UNINITIALIZED_AUTOS = YES_AGGRESSIVE;
				GCC_WARN_UNUSED_FUNCTION = YES;
				GCC_WARN_UNUSED_VARIABLE = YES;
				IPHONEOS_DEPLOYMENT_TARGET = 11.4;
				MTL_ENABLE_DEBUG_INFO = NO;
				SDKROOT = iphoneos;
				SWIFT_COMPILATION_MODE = wholemodule;
				SWIFT_OPTIMIZATION_LEVEL = "-O";
				VALIDATE_PRODUCT = YES;
			};
			name = Release;
		};
		BCB7B0E7214BDC19000036EE /* Debug */ = {
			isa = XCBuildConfiguration;
			baseConfigurationReference = AB210FE4FF21F85B45DCCABF /* Pods-ios-challenge.debug.xcconfig */;
			buildSettings = {
				ASSETCATALOG_COMPILER_APPICON_NAME = AppIcon;
				CODE_SIGN_STYLE = Automatic;
				DEVELOPMENT_TEAM = FUSZMYVQ5X;
				INFOPLIST_FILE = "ios-challenge/Info.plist";
				IPHONEOS_DEPLOYMENT_TARGET = 9.0;
				LD_RUNPATH_SEARCH_PATHS = (
					"$(inherited)",
					"@executable_path/Frameworks",
				);
				PRODUCT_BUNDLE_IDENTIFIER = "net.linio.ios-challenge";
				PRODUCT_NAME = "$(TARGET_NAME)";
				SWIFT_VERSION = 4.0;
				TARGETED_DEVICE_FAMILY = 1;
			};
			name = Debug;
		};
		BCB7B0E8214BDC19000036EE /* Release */ = {
			isa = XCBuildConfiguration;
			baseConfigurationReference = B6CCA7B74C524184F35DACAC /* Pods-ios-challenge.release.xcconfig */;
			buildSettings = {
				ASSETCATALOG_COMPILER_APPICON_NAME = AppIcon;
				CODE_SIGN_STYLE = Automatic;
				DEVELOPMENT_TEAM = FUSZMYVQ5X;
				INFOPLIST_FILE = "ios-challenge/Info.plist";
				IPHONEOS_DEPLOYMENT_TARGET = 9.0;
				LD_RUNPATH_SEARCH_PATHS = (
					"$(inherited)",
					"@executable_path/Frameworks",
				);
				PRODUCT_BUNDLE_IDENTIFIER = "net.linio.ios-challenge";
				PRODUCT_NAME = "$(TARGET_NAME)";
				SWIFT_VERSION = 4.0;
				TARGETED_DEVICE_FAMILY = 1;
			};
			name = Release;
		};
		BCB7B0EA214BDC19000036EE /* Debug */ = {
			isa = XCBuildConfiguration;
			baseConfigurationReference = 0FFFAD15BFDA9CF10B335034 /* Pods-ios-challengeTests.debug.xcconfig */;
			buildSettings = {
				ALWAYS_EMBED_SWIFT_STANDARD_LIBRARIES = YES;
				BUNDLE_LOADER = "$(TEST_HOST)";
				CODE_SIGN_STYLE = Automatic;
				DEVELOPMENT_TEAM = FUSZMYVQ5X;
				INFOPLIST_FILE = "ios-challengeTests/Info.plist";
				LD_RUNPATH_SEARCH_PATHS = (
					"$(inherited)",
					"@executable_path/Frameworks",
					"@loader_path/Frameworks",
				);
				PRODUCT_BUNDLE_IDENTIFIER = "net.linio.ios-challengeTests";
				PRODUCT_NAME = "$(TARGET_NAME)";
				SWIFT_VERSION = 4.0;
				TARGETED_DEVICE_FAMILY = "1,2";
				TEST_HOST = "$(BUILT_PRODUCTS_DIR)/ios-challenge.app/ios-challenge";
			};
			name = Debug;
		};
		BCB7B0EB214BDC19000036EE /* Release */ = {
			isa = XCBuildConfiguration;
			baseConfigurationReference = E94429704B22B8DB883590F7 /* Pods-ios-challengeTests.release.xcconfig */;
			buildSettings = {
				ALWAYS_EMBED_SWIFT_STANDARD_LIBRARIES = YES;
				BUNDLE_LOADER = "$(TEST_HOST)";
				CODE_SIGN_STYLE = Automatic;
				DEVELOPMENT_TEAM = FUSZMYVQ5X;
				INFOPLIST_FILE = "ios-challengeTests/Info.plist";
				LD_RUNPATH_SEARCH_PATHS = (
					"$(inherited)",
					"@executable_path/Frameworks",
					"@loader_path/Frameworks",
				);
				PRODUCT_BUNDLE_IDENTIFIER = "net.linio.ios-challengeTests";
				PRODUCT_NAME = "$(TARGET_NAME)";
				SWIFT_VERSION = 4.0;
				TARGETED_DEVICE_FAMILY = "1,2";
				TEST_HOST = "$(BUILT_PRODUCTS_DIR)/ios-challenge.app/ios-challenge";
			};
			name = Release;
		};
		BCB7B0ED214BDC19000036EE /* Debug */ = {
			isa = XCBuildConfiguration;
			baseConfigurationReference = CDDC3533C94B8DED03ED7B0B /* Pods-ios-challengeUITests.debug.xcconfig */;
			buildSettings = {
				ALWAYS_EMBED_SWIFT_STANDARD_LIBRARIES = YES;
				CODE_SIGN_STYLE = Automatic;
				DEVELOPMENT_TEAM = FUSZMYVQ5X;
				INFOPLIST_FILE = "ios-challengeUITests/Info.plist";
				LD_RUNPATH_SEARCH_PATHS = (
					"$(inherited)",
					"@executable_path/Frameworks",
					"@loader_path/Frameworks",
				);
				PRODUCT_BUNDLE_IDENTIFIER = "net.linio.ios-challengeUITests";
				PRODUCT_NAME = "$(TARGET_NAME)";
				SWIFT_VERSION = 4.0;
				TARGETED_DEVICE_FAMILY = "1,2";
				TEST_TARGET_NAME = "ios-challenge";
			};
			name = Debug;
		};
		BCB7B0EE214BDC19000036EE /* Release */ = {
			isa = XCBuildConfiguration;
			baseConfigurationReference = 4C89C1D21CF0B18A9BEE339C /* Pods-ios-challengeUITests.release.xcconfig */;
			buildSettings = {
				ALWAYS_EMBED_SWIFT_STANDARD_LIBRARIES = YES;
				CODE_SIGN_STYLE = Automatic;
				DEVELOPMENT_TEAM = FUSZMYVQ5X;
				INFOPLIST_FILE = "ios-challengeUITests/Info.plist";
				LD_RUNPATH_SEARCH_PATHS = (
					"$(inherited)",
					"@executable_path/Frameworks",
					"@loader_path/Frameworks",
				);
				PRODUCT_BUNDLE_IDENTIFIER = "net.linio.ios-challengeUITests";
				PRODUCT_NAME = "$(TARGET_NAME)";
				SWIFT_VERSION = 4.0;
				TARGETED_DEVICE_FAMILY = "1,2";
				TEST_TARGET_NAME = "ios-challenge";
			};
			name = Release;
		};
/* End XCBuildConfiguration section */

/* Begin XCConfigurationList section */
		BCB7B0B9214BDC15000036EE /* Build configuration list for PBXProject "ios-challenge" */ = {
			isa = XCConfigurationList;
			buildConfigurations = (
				BCB7B0E4214BDC19000036EE /* Debug */,
				BCB7B0E5214BDC19000036EE /* Release */,
			);
			defaultConfigurationIsVisible = 0;
			defaultConfigurationName = Release;
		};
		BCB7B0E6214BDC19000036EE /* Build configuration list for PBXNativeTarget "ios-challenge" */ = {
			isa = XCConfigurationList;
			buildConfigurations = (
				BCB7B0E7214BDC19000036EE /* Debug */,
				BCB7B0E8214BDC19000036EE /* Release */,
			);
			defaultConfigurationIsVisible = 0;
			defaultConfigurationName = Release;
		};
		BCB7B0E9214BDC19000036EE /* Build configuration list for PBXNativeTarget "ios-challengeTests" */ = {
			isa = XCConfigurationList;
			buildConfigurations = (
				BCB7B0EA214BDC19000036EE /* Debug */,
				BCB7B0EB214BDC19000036EE /* Release */,
			);
			defaultConfigurationIsVisible = 0;
			defaultConfigurationName = Release;
		};
		BCB7B0EC214BDC19000036EE /* Build configuration list for PBXNativeTarget "ios-challengeUITests" */ = {
			isa = XCConfigurationList;
			buildConfigurations = (
				BCB7B0ED214BDC19000036EE /* Debug */,
				BCB7B0EE214BDC19000036EE /* Release */,
			);
			defaultConfigurationIsVisible = 0;
			defaultConfigurationName = Release;
		};
/* End XCConfigurationList section */
	};
	rootObject = BCB7B0B6214BDC15000036EE /* Project object */;
}
